// !$*UTF8*$!
{
	archiveVersion = 1;
	classes = {
	};
	objectVersion = 46;
	objects = {

/* Begin PBXBuildFile section */
		3376AB541C3D99AD004D57E1 /* main.m in Sources */ = {isa = PBXBuildFile; fileRef = 3376AB531C3D99AD004D57E1 /* main.m */; };
		3376AB571C3D99AD004D57E1 /* AppDelegate.m in Sources */ = {isa = PBXBuildFile; fileRef = 3376AB561C3D99AD004D57E1 /* AppDelegate.m */; };
		3376AB5A1C3D99AD004D57E1 /* ViewController.m in Sources */ = {isa = PBXBuildFile; fileRef = 3376AB591C3D99AD004D57E1 /* ViewController.m */; };
		3376AB5D1C3D99AD004D57E1 /* Main.storyboard in Resources */ = {isa = PBXBuildFile; fileRef = 3376AB5B1C3D99AD004D57E1 /* Main.storyboard */; };
		3376AB5F1C3D99AD004D57E1 /* Assets.xcassets in Resources */ = {isa = PBXBuildFile; fileRef = 3376AB5E1C3D99AD004D57E1 /* Assets.xcassets */; };
		3376AB621C3D99AD004D57E1 /* LaunchScreen.storyboard in Resources */ = {isa = PBXBuildFile; fileRef = 3376AB601C3D99AD004D57E1 /* LaunchScreen.storyboard */; };
		3376AB6D1C3D99AD004D57E1 /* About_Me_AppTests.m in Sources */ = {isa = PBXBuildFile; fileRef = 3376AB6C1C3D99AD004D57E1 /* About_Me_AppTests.m */; };
		3376AB781C3D99AE004D57E1 /* About_Me_AppUITests.m in Sources */ = {isa = PBXBuildFile; fileRef = 3376AB771C3D99AE004D57E1 /* About_Me_AppUITests.m */; };
/* End PBXBuildFile section */

/* Begin PBXContainerItemProxy section */
		3376AB691C3D99AD004D57E1 /* PBXContainerItemProxy */ = {
			isa = PBXContainerItemProxy;
			containerPortal = 3376AB471C3D99AD004D57E1 /* Project object */;
			proxyType = 1;
			remoteGlobalIDString = 3376AB4E1C3D99AD004D57E1;
			remoteInfo = "About Me App";
		};
		3376AB741C3D99AE004D57E1 /* PBXContainerItemProxy */ = {
			isa = PBXContainerItemProxy;
			containerPortal = 3376AB471C3D99AD004D57E1 /* Project object */;
			proxyType = 1;
			remoteGlobalIDString = 3376AB4E1C3D99AD004D57E1;
			remoteInfo = "About Me App";
		};
/* End PBXContainerItemProxy section */

/* Begin PBXFileReference section */
		3376AB4F1C3D99AD004D57E1 /* About Me App.app */ = {isa = PBXFileReference; explicitFileType = wrapper.application; includeInIndex = 0; path = "About Me App.app"; sourceTree = BUILT_PRODUCTS_DIR; };
		3376AB531C3D99AD004D57E1 /* main.m */ = {isa = PBXFileReference; lastKnownFileType = sourcecode.c.objc; path = main.m; sourceTree = "<group>"; };
		3376AB551C3D99AD004D57E1 /* AppDelegate.h */ = {isa = PBXFileReference; lastKnownFileType = sourcecode.c.h; path = AppDelegate.h; sourceTree = "<group>"; };
		3376AB561C3D99AD004D57E1 /* AppDelegate.m */ = {isa = PBXFileReference; lastKnownFileType = sourcecode.c.objc; path = AppDelegate.m; sourceTree = "<group>"; };
		3376AB581C3D99AD004D57E1 /* ViewController.h */ = {isa = PBXFileReference; lastKnownFileType = sourcecode.c.h; path = ViewController.h; sourceTree = "<group>"; };
		3376AB591C3D99AD004D57E1 /* ViewController.m */ = {isa = PBXFileReference; lastKnownFileType = sourcecode.c.objc; path = ViewController.m; sourceTree = "<group>"; };
		3376AB5C1C3D99AD004D57E1 /* Base */ = {isa = PBXFileReference; lastKnownFileType = file.storyboard; name = Base; path = Base.lproj/Main.storyboard; sourceTree = "<group>"; };
		3376AB5E1C3D99AD004D57E1 /* Assets.xcassets */ = {isa = PBXFileReference; lastKnownFileType = folder.assetcatalog; path = Assets.xcassets; sourceTree = "<group>"; };
		3376AB611C3D99AD004D57E1 /* Base */ = {isa = PBXFileReference; lastKnownFileType = file.storyboard; name = Base; path = Base.lproj/LaunchScreen.storyboard; sourceTree = "<group>"; };
		3376AB631C3D99AD004D57E1 /* Info.plist */ = {isa = PBXFileReference; lastKnownFileType = text.plist.xml; path = Info.plist; sourceTree = "<group>"; };
		3376AB681C3D99AD004D57E1 /* About Me AppTests.xctest */ = {isa = PBXFileReference; explicitFileType = wrapper.cfbundle; includeInIndex = 0; path = "About Me AppTests.xctest"; sourceTree = BUILT_PRODUCTS_DIR; };
		3376AB6C1C3D99AD004D57E1 /* About_Me_AppTests.m */ = {isa = PBXFileReference; lastKnownFileType = sourcecode.c.objc; path = About_Me_AppTests.m; sourceTree = "<group>"; };
		3376AB6E1C3D99AD004D57E1 /* Info.plist */ = {isa = PBXFileReference; lastKnownFileType = text.plist.xml; path = Info.plist; sourceTree = "<group>"; };
		3376AB731C3D99AE004D57E1 /* About Me AppUITests.xctest */ = {isa = PBXFileReference; explicitFileType = wrapper.cfbundle; includeInIndex = 0; path = "About Me AppUITests.xctest"; sourceTree = BUILT_PRODUCTS_DIR; };
		3376AB771C3D99AE004D57E1 /* About_Me_AppUITests.m */ = {isa = PBXFileReference; lastKnownFileType = sourcecode.c.objc; path = About_Me_AppUITests.m; sourceTree = "<group>"; };
		3376AB791C3D99AE004D57E1 /* Info.plist */ = {isa = PBXFileReference; lastKnownFileType = text.plist.xml; path = Info.plist; sourceTree = "<group>"; };
/* End PBXFileReference section */

/* Begin PBXFrameworksBuildPhase section */
		3376AB4C1C3D99AD004D57E1 /* Frameworks */ = {
			isa = PBXFrameworksBuildPhase;
			buildActionMask = 2147483647;
			files = (
			);
			runOnlyForDeploymentPostprocessing = 0;
		};
		3376AB651C3D99AD004D57E1 /* Frameworks */ = {
			isa = PBXFrameworksBuildPhase;
			buildActionMask = 2147483647;
			files = (
			);
			runOnlyForDeploymentPostprocessing = 0;
		};
		3376AB701C3D99AE004D57E1 /* Frameworks */ = {
			isa = PBXFrameworksBuildPhase;
			buildActionMask = 2147483647;
			files = (
			);
			runOnlyForDeploymentPostprocessing = 0;
		};
/* End PBXFrameworksBuildPhase section */

/* Begin PBXGroup section */
		3376AB461C3D99AD004D57E1 = {
			isa = PBXGroup;
			children = (
				3376AB511C3D99AD004D57E1 /* About Me App */,
				3376AB6B1C3D99AD004D57E1 /* About Me AppTests */,
				3376AB761C3D99AE004D57E1 /* About Me AppUITests */,
				3376AB501C3D99AD004D57E1 /* Products */,
			);
			sourceTree = "<group>";
		};
		3376AB501C3D99AD004D57E1 /* Products */ = {
			isa = PBXGroup;
			children = (
				3376AB4F1C3D99AD004D57E1 /* About Me App.app */,
				3376AB681C3D99AD004D57E1 /* About Me AppTests.xctest */,
				3376AB731C3D99AE004D57E1 /* About Me AppUITests.xctest */,
			);
			name = Products;
			sourceTree = "<group>";
		};
		3376AB511C3D99AD004D57E1 /* About Me App */ = {
			isa = PBXGroup;
			children = (
				3376AB861C3D9B63004D57E1 /* View */,
				3376AB851C3D9B43004D57E1 /* Controller */,
				3376AB5B1C3D99AD004D57E1 /* Main.storyboard */,
				3376AB5E1C3D99AD004D57E1 /* Assets.xcassets */,
				3376AB601C3D99AD004D57E1 /* LaunchScreen.storyboard */,
				3376AB631C3D99AD004D57E1 /* Info.plist */,
				3376AB521C3D99AD004D57E1 /* Supporting Files */,
			);
			path = "About Me App";
			sourceTree = "<group>";
		};
		3376AB521C3D99AD004D57E1 /* Supporting Files */ = {
			isa = PBXGroup;
			children = (
				3376AB531C3D99AD004D57E1 /* main.m */,
			);
			name = "Supporting Files";
			sourceTree = "<group>";
		};
		3376AB6B1C3D99AD004D57E1 /* About Me AppTests */ = {
			isa = PBXGroup;
			children = (
				3376AB6C1C3D99AD004D57E1 /* About_Me_AppTests.m */,
				3376AB6E1C3D99AD004D57E1 /* Info.plist */,
			);
			path = "About Me AppTests";
			sourceTree = "<group>";
		};
		3376AB761C3D99AE004D57E1 /* About Me AppUITests */ = {
			isa = PBXGroup;
			children = (
				3376AB771C3D99AE004D57E1 /* About_Me_AppUITests.m */,
				3376AB791C3D99AE004D57E1 /* Info.plist */,
			);
			path = "About Me AppUITests";
			sourceTree = "<group>";
		};
		3376AB851C3D9B43004D57E1 /* Controller */ = {
			isa = PBXGroup;
			children = (
				3376AB581C3D99AD004D57E1 /* ViewController.h */,
				3376AB551C3D99AD004D57E1 /* AppDelegate.h */,
				3376AB591C3D99AD004D57E1 /* ViewController.m */,
				3376AB561C3D99AD004D57E1 /* AppDelegate.m */,
			);
			name = Controller;
			sourceTree = "<group>";
		};
		3376AB861C3D9B63004D57E1 /* View */ = {
			isa = PBXGroup;
			children = (
			);
			name = View;
			sourceTree = "<group>";
		};
/* End PBXGroup section */

/* Begin PBXNativeTarget section */
		3376AB4E1C3D99AD004D57E1 /* About Me App */ = {
			isa = PBXNativeTarget;
			buildConfigurationList = 3376AB7C1C3D99AE004D57E1 /* Build configuration list for PBXNativeTarget "About Me App" */;
			buildPhases = (
				3376AB4B1C3D99AD004D57E1 /* Sources */,
				3376AB4C1C3D99AD004D57E1 /* Frameworks */,
				3376AB4D1C3D99AD004D57E1 /* Resources */,
			);
			buildRules = (
			);
			dependencies = (
			);
			name = "About Me App";
			productName = "About Me App";
			productReference = 3376AB4F1C3D99AD004D57E1 /* About Me App.app */;
			productType = "com.apple.product-type.application";
		};
		3376AB671C3D99AD004D57E1 /* About Me AppTests */ = {
			isa = PBXNativeTarget;
			buildConfigurationList = 3376AB7F1C3D99AE004D57E1 /* Build configuration list for PBXNativeTarget "About Me AppTests" */;
			buildPhases = (
				3376AB641C3D99AD004D57E1 /* Sources */,
				3376AB651C3D99AD004D57E1 /* Frameworks */,
				3376AB661C3D99AD004D57E1 /* Resources */,
			);
			buildRules = (
			);
			dependencies = (
				3376AB6A1C3D99AD004D57E1 /* PBXTargetDependency */,
			);
			name = "About Me AppTests";
			productName = "About Me AppTests";
			productReference = 3376AB681C3D99AD004D57E1 /* About Me AppTests.xctest */;
			productType = "com.apple.product-type.bundle.unit-test";
		};
		3376AB721C3D99AE004D57E1 /* About Me AppUITests */ = {
			isa = PBXNativeTarget;
			buildConfigurationList = 3376AB821C3D99AE004D57E1 /* Build configuration list for PBXNativeTarget "About Me AppUITests" */;
			buildPhases = (
				3376AB6F1C3D99AE004D57E1 /* Sources */,
				3376AB701C3D99AE004D57E1 /* Frameworks */,
				3376AB711C3D99AE004D57E1 /* Resources */,
			);
			buildRules = (
			);
			dependencies = (
				3376AB751C3D99AE004D57E1 /* PBXTargetDependency */,
			);
			name = "About Me AppUITests";
			productName = "About Me AppUITests";
			productReference = 3376AB731C3D99AE004D57E1 /* About Me AppUITests.xctest */;
			productType = "com.apple.product-type.bundle.ui-testing";
		};
/* End PBXNativeTarget section */

/* Begin PBXProject section */
		3376AB471C3D99AD004D57E1 /* Project object */ = {
			isa = PBXProject;
			attributes = {
				LastUpgradeCheck = 0720;
				ORGANIZATIONNAME = "Thacker, Forrest";
				TargetAttributes = {
					3376AB4E1C3D99AD004D57E1 = {
						CreatedOnToolsVersion = 7.2;
					};
					3376AB671C3D99AD004D57E1 = {
						CreatedOnToolsVersion = 7.2;
						TestTargetID = 3376AB4E1C3D99AD004D57E1;
					};
					3376AB721C3D99AE004D57E1 = {
						CreatedOnToolsVersion = 7.2;
						TestTargetID = 3376AB4E1C3D99AD004D57E1;
					};
				};
			};
			buildConfigurationList = 3376AB4A1C3D99AD004D57E1 /* Build configuration list for PBXProject "About Me App" */;
			compatibilityVersion = "Xcode 3.2";
			developmentRegion = English;
			hasScannedForEncodings = 0;
			knownRegions = (
				en,
				Base,
			);
			mainGroup = 3376AB461C3D99AD004D57E1;
			productRefGroup = 3376AB501C3D99AD004D57E1 /* Products */;
			projectDirPath = "";
			projectRoot = "";
			targets = (
				3376AB4E1C3D99AD004D57E1 /* About Me App */,
				3376AB671C3D99AD004D57E1 /* About Me AppTests */,
				3376AB721C3D99AE004D57E1 /* About Me AppUITests */,
			);
		};
/* End PBXProject section */

/* Begin PBXResourcesBuildPhase section */
		3376AB4D1C3D99AD004D57E1 /* Resources */ = {
			isa = PBXResourcesBuildPhase;
			buildActionMask = 2147483647;
			files = (
				3376AB621C3D99AD004D57E1 /* LaunchScreen.storyboard in Resources */,
				3376AB5F1C3D99AD004D57E1 /* Assets.xcassets in Resources */,
				3376AB5D1C3D99AD004D57E1 /* Main.storyboard in Resources */,
			);
			runOnlyForDeploymentPostprocessing = 0;
		};
		3376AB661C3D99AD004D57E1 /* Resources */ = {
			isa = PBXResourcesBuildPhase;
			buildActionMask = 2147483647;
			files = (
			);
			runOnlyForDeploymentPostprocessing = 0;
		};
		3376AB711C3D99AE004D57E1 /* Resources */ = {
			isa = PBXResourcesBuildPhase;
			buildActionMask = 2147483647;
			files = (
			);
			runOnlyForDeploymentPostprocessing = 0;
		};
/* End PBXResourcesBuildPhase section */

/* Begin PBXSourcesBuildPhase section */
		3376AB4B1C3D99AD004D57E1 /* Sources */ = {
			isa = PBXSourcesBuildPhase;
			buildActionMask = 2147483647;
			files = (
				3376AB5A1C3D99AD004D57E1 /* ViewController.m in Sources */,
				3376AB571C3D99AD004D57E1 /* AppDelegate.m in Sources */,
				3376AB541C3D99AD004D57E1 /* main.m in Sources */,
			);
			runOnlyForDeploymentPostprocessing = 0;
		};
		3376AB641C3D99AD004D57E1 /* Sources */ = {
			isa = PBXSourcesBuildPhase;
			buildActionMask = 2147483647;
			files = (
				3376AB6D1C3D99AD004D57E1 /* About_Me_AppTests.m in Sources */,
			);
			runOnlyForDeploymentPostprocessing = 0;
		};
		3376AB6F1C3D99AE004D57E1 /* Sources */ = {
			isa = PBXSourcesBuildPhase;
			buildActionMask = 2147483647;
			files = (
				3376AB781C3D99AE004D57E1 /* About_Me_AppUITests.m in Sources */,
			);
			runOnlyForDeploymentPostprocessing = 0;
		};
/* End PBXSourcesBuildPhase section */

/* Begin PBXTargetDependency section */
		3376AB6A1C3D99AD004D57E1 /* PBXTargetDependency */ = {
			isa = PBXTargetDependency;
			target = 3376AB4E1C3D99AD004D57E1 /* About Me App */;
			targetProxy = 3376AB691C3D99AD004D57E1 /* PBXContainerItemProxy */;
		};
		3376AB751C3D99AE004D57E1 /* PBXTargetDependency */ = {
			isa = PBXTargetDependency;
			target = 3376AB4E1C3D99AD004D57E1 /* About Me App */;
			targetProxy = 3376AB741C3D99AE004D57E1 /* PBXContainerItemProxy */;
		};
/* End PBXTargetDependency section */

/* Begin PBXVariantGroup section */
		3376AB5B1C3D99AD004D57E1 /* Main.storyboard */ = {
			isa = PBXVariantGroup;
			children = (
				3376AB5C1C3D99AD004D57E1 /* Base */,
			);
			name = Main.storyboard;
			sourceTree = "<group>";
		};
		3376AB601C3D99AD004D57E1 /* LaunchScreen.storyboard */ = {
			isa = PBXVariantGroup;
			children = (
				3376AB611C3D99AD004D57E1 /* Base */,
			);
			name = LaunchScreen.storyboard;
			sourceTree = "<group>";
		};
/* End PBXVariantGroup section */

/* Begin XCBuildConfiguration section */
		3376AB7A1C3D99AE004D57E1 /* Debug */ = {
			isa = XCBuildConfiguration;
			buildSettings = {
				ALWAYS_SEARCH_USER_PATHS = NO;
				CLANG_CXX_LANGUAGE_STANDARD = "gnu++0x";
				CLANG_CXX_LIBRARY = "libc++";
				CLANG_ENABLE_MODULES = YES;
				CLANG_ENABLE_OBJC_ARC = YES;
				CLANG_WARN_BOOL_CONVERSION = YES;
				CLANG_WARN_CONSTANT_CONVERSION = YES;
				CLANG_WARN_DIRECT_OBJC_ISA_USAGE = YES_ERROR;
				CLANG_WARN_EMPTY_BODY = YES;
				CLANG_WARN_ENUM_CONVERSION = YES;
				CLANG_WARN_INT_CONVERSION = YES;
				CLANG_WARN_OBJC_ROOT_CLASS = YES_ERROR;
				CLANG_WARN_UNREACHABLE_CODE = YES;
				CLANG_WARN__DUPLICATE_METHOD_MATCH = YES;
				"CODE_SIGN_IDENTITY[sdk=iphoneos*]" = "iPhone Developer";
				COPY_PHASE_STRIP = NO;
				DEBUG_INFORMATION_FORMAT = dwarf;
				ENABLE_STRICT_OBJC_MSGSEND = YES;
				ENABLE_TESTABILITY = YES;
				GCC_C_LANGUAGE_STANDARD = gnu99;
				GCC_DYNAMIC_NO_PIC = NO;
				GCC_NO_COMMON_BLOCKS = YES;
				GCC_OPTIMIZATION_LEVEL = 0;
				GCC_PREPROCESSOR_DEFINITIONS = (
					"DEBUG=1",
					"$(inherited)",
				);
				GCC_WARN_64_TO_32_BIT_CONVERSION = YES;
				GCC_WARN_ABOUT_RETURN_TYPE = YES_ERROR;
				GCC_WARN_UNDECLARED_SELECTOR = YES;
				GCC_WARN_UNINITIALIZED_AUTOS = YES_AGGRESSIVE;
				GCC_WARN_UNUSED_FUNCTION = YES;
				GCC_WARN_UNUSED_VARIABLE = YES;
				IPHONEOS_DEPLOYMENT_TARGET = 9.2;
				MTL_ENABLE_DEBUG_INFO = YES;
				ONLY_ACTIVE_ARCH = YES;
				SDKROOT = iphoneos;
				TARGETED_DEVICE_FAMILY = "1,2";
			};
			name = Debug;
		};
		3376AB7B1C3D99AE004D57E1 /* Release */ = {
			isa = XCBuildConfiguration;
			buildSettings = {
				ALWAYS_SEARCH_USER_PATHS = NO;
				CLANG_CXX_LANGUAGE_STANDARD = "gnu++0x";
				CLANG_CXX_LIBRARY = "libc++";
				CLANG_ENABLE_MODULES = YES;
				CLANG_ENABLE_OBJC_ARC = YES;
				CLANG_WARN_BOOL_CONVERSION = YES;
				CLANG_WARN_CONSTANT_CONVERSION = YES;
				CLANG_WARN_DIRECT_OBJC_ISA_USAGE = YES_ERROR;
				CLANG_WARN_EMPTY_BODY = YES;
				CLANG_WARN_ENUM_CONVERSION = YES;
				CLANG_WARN_INT_CONVERSION = YES;
				CLANG_WARN_OBJC_ROOT_CLASS = YES_ERROR;
				CLANG_WARN_UNREACHABLE_CODE = YES;
				CLANG_WARN__DUPLICATE_METHOD_MATCH = YES;
				"CODE_SIGN_IDENTITY[sdk=iphoneos*]" = "iPhone Developer";
				COPY_PHASE_STRIP = NO;
				DEBUG_INFORMATION_FORMAT = "dwarf-with-dsym";
				ENABLE_NS_ASSERTIONS = NO;
				ENABLE_STRICT_OBJC_MSGSEND = YES;
				GCC_C_LANGUAGE_STANDARD = gnu99;
				GCC_NO_COMMON_BLOCKS = YES;
				GCC_WARN_64_TO_32_BIT_CONVERSION = YES;
				GCC_WARN_ABOUT_RETURN_TYPE = YES_ERROR;
				GCC_WARN_UNDECLARED_SELECTOR = YES;
				GCC_WARN_UNINITIALIZED_AUTOS = YES_AGGRESSIVE;
				GCC_WARN_UNUSED_FUNCTION = YES;
				GCC_WARN_UNUSED_VARIABLE = YES;
				IPHONEOS_DEPLOYMENT_TARGET = 9.2;
				MTL_ENABLE_DEBUG_INFO = NO;
				SDKROOT = iphoneos;
				TARGETED_DEVICE_FAMILY = "1,2";
				VALIDATE_PRODUCT = YES;
			};
			name = Release;
		};
		3376AB7D1C3D99AE004D57E1 /* Debug */ = {
			isa = XCBuildConfiguration;
			buildSettings = {
				ASSETCATALOG_COMPILER_APPICON_NAME = AppIcon;
				INFOPLIST_FILE = "About Me App/Info.plist";
				LD_RUNPATH_SEARCH_PATHS = "$(inherited) @executable_path/Frameworks";
				PRODUCT_BUNDLE_IDENTIFIER = "SUROS.About-Me-App";
				PRODUCT_NAME = "$(TARGET_NAME)";
			};
			name = Debug;
		};
		3376AB7E1C3D99AE004D57E1 /* Release */ = {
			isa = XCBuildConfiguration;
			buildSettings = {
				ASSETCATALOG_COMPILER_APPICON_NAME = AppIcon;
				INFOPLIST_FILE = "About Me App/Info.plist";
				LD_RUNPATH_SEARCH_PATHS = "$(inherited) @executable_path/Frameworks";
				PRODUCT_BUNDLE_IDENTIFIER = "SUROS.About-Me-App";
				PRODUCT_NAME = "$(TARGET_NAME)";
			};
			name = Release;
		};
		3376AB801C3D99AE004D57E1 /* Debug */ = {
			isa = XCBuildConfiguration;
			buildSettings = {
				BUNDLE_LOADER = "$(TEST_HOST)";
				INFOPLIST_FILE = "About Me AppTests/Info.plist";
				LD_RUNPATH_SEARCH_PATHS = "$(inherited) @executable_path/Frameworks @loader_path/Frameworks";
				PRODUCT_BUNDLE_IDENTIFIER = "SUROS.About-Me-AppTests";
				PRODUCT_NAME = "$(TARGET_NAME)";
				TEST_HOST = "$(BUILT_PRODUCTS_DIR)/About Me App.app/About Me App";
			};
			name = Debug;
		};
		3376AB811C3D99AE004D57E1 /* Release */ = {
			isa = XCBuildConfiguration;
			buildSettings = {
				BUNDLE_LOADER = "$(TEST_HOST)";
				INFOPLIST_FILE = "About Me AppTests/Info.plist";
				LD_RUNPATH_SEARCH_PATHS = "$(inherited) @executable_path/Frameworks @loader_path/Frameworks";
				PRODUCT_BUNDLE_IDENTIFIER = "SUROS.About-Me-AppTests";
				PRODUCT_NAME = "$(TARGET_NAME)";
				TEST_HOST = "$(BUILT_PRODUCTS_DIR)/About Me App.app/About Me App";
			};
			name = Release;
		};
		3376AB831C3D99AE004D57E1 /* Debug */ = {
			isa = XCBuildConfiguration;
			buildSettings = {
				INFOPLIST_FILE = "About Me AppUITests/Info.plist";
				LD_RUNPATH_SEARCH_PATHS = "$(inherited) @executable_path/Frameworks @loader_path/Frameworks";
				PRODUCT_BUNDLE_IDENTIFIER = "SUROS.About-Me-AppUITests";
				PRODUCT_NAME = "$(TARGET_NAME)";
				TEST_TARGET_NAME = "About Me App";
				USES_XCTRUNNER = YES;
			};
			name = Debug;
		};
		3376AB841C3D99AE004D57E1 /* Release */ = {
			isa = XCBuildConfiguration;
			buildSettings = {
				INFOPLIST_FILE = "About Me AppUITests/Info.plist";
				LD_RUNPATH_SEARCH_PATHS = "$(inherited) @executable_path/Frameworks @loader_path/Frameworks";
				PRODUCT_BUNDLE_IDENTIFIER = "SUROS.About-Me-AppUITests";
				PRODUCT_NAME = "$(TARGET_NAME)";
				TEST_TARGET_NAME = "About Me App";
				USES_XCTRUNNER = YES;
			};
			name = Release;
		};
/* End XCBuildConfiguration section */

/* Begin XCConfigurationList section */
		3376AB4A1C3D99AD004D57E1 /* Build configuration list for PBXProject "About Me App" */ = {
			isa = XCConfigurationList;
			buildConfigurations = (
				3376AB7A1C3D99AE004D57E1 /* Debug */,
				3376AB7B1C3D99AE004D57E1 /* Release */,
			);
			defaultConfigurationIsVisible = 0;
			defaultConfigurationName = Release;
		};
		3376AB7C1C3D99AE004D57E1 /* Build configuration list for PBXNativeTarget "About Me App" */ = {
			isa = XCConfigurationList;
			buildConfigurations = (
				3376AB7D1C3D99AE004D57E1 /* Debug */,
				3376AB7E1C3D99AE004D57E1 /* Release */,
			);
			defaultConfigurationIsVisible = 0;
		};
		3376AB7F1C3D99AE004D57E1 /* Build configuration list for PBXNativeTarget "About Me AppTests" */ = {
			isa = XCConfigurationList;
			buildConfigurations = (
				3376AB801C3D99AE004D57E1 /* Debug */,
				3376AB811C3D99AE004D57E1 /* Release */,
			);
			defaultConfigurationIsVisible = 0;
		};
		3376AB821C3D99AE004D57E1 /* Build configuration list for PBXNativeTarget "About Me AppUITests" */ = {
			isa = XCConfigurationList;
			buildConfigurations = (
				3376AB831C3D99AE004D57E1 /* Debug */,
				3376AB841C3D99AE004D57E1 /* Release */,
			);
			defaultConfigurationIsVisible = 0;
		};
/* End XCConfigurationList section */
	};
	rootObject = 3376AB471C3D99AD004D57E1 /* Project object */;
}
